
Microsoft Visual Studio Solution File, Format Version 12.00
# Visual Studio Version 17
VisualStudioVersion = 17.4.33213.308
MinimumVisualStudioVersion = 10.0.40219.1
Project("{FAE04EC0-301F-11D3-BF4B-00C04F79EFBC}") = "AddingAnnotation.Server", "Server\AddingAnnotation.Server.csproj", "{A9B15452-6E7C-48C0-BAFA-1994DF1A67C4}"
EndProject
Project("{FAE04EC0-301F-11D3-BF4B-00C04F79EFBC}") = "AddingAnnotation.Client", "Client\AddingAnnotation.Client.csproj", "{FED80E00-0E58-4D4C-8528-1018897EA50A}"
EndProject
Project("{FAE04EC0-301F-11D3-BF4B-00C04F79EFBC}") = "AddingAnnotation.Shared", "Shared\AddingAnnotation.Shared.csproj", "{7ACB3A74-59B3-4A7D-B94C-7A9FCCECA496}"
EndProject
Global
	GlobalSection(SolutionConfigurationPlatforms) = preSolution
		Debug|Any CPU = Debug|Any CPU
		Release|Any CPU = Release|Any CPU
	EndGlobalSection
	GlobalSection(ProjectConfigurationPlatforms) = postSolution
		{A9B15452-6E7C-48C0-BAFA-1994DF1A67C4}.Debug|Any CPU.ActiveCfg = Debug|Any CPU
		{A9B15452-6E7C-48C0-BAFA-1994DF1A67C4}.Debug|Any CPU.Build.0 = Debug|Any CPU
		{A9B15452-6E7C-48C0-BAFA-1994DF1A67C4}.Release|Any CPU.ActiveCfg = Release|Any CPU
		{A9B15452-6E7C-48C0-BAFA-1994DF1A67C4}.Release|Any CPU.Build.0 = Release|Any CPU
		{FED80E00-0E58-4D4C-8528-1018897EA50A}.Debug|Any CPU.ActiveCfg = Debug|Any CPU
		{FED80E00-0E58-4D4C-8528-1018897EA50A}.Debug|Any CPU.Build.0 = Debug|Any CPU
		{FED80E00-0E58-4D4C-8528-1018897EA50A}.Release|Any CPU.ActiveCfg = Release|Any CPU
		{FED80E00-0E58-4D4C-8528-1018897EA50A}.Release|Any CPU.Build.0 = Release|Any CPU
		{7ACB3A74-59B3-4A7D-B94C-7A9FCCECA496}.Debug|Any CPU.ActiveCfg = Debug|Any CPU
		{7ACB3A74-59B3-4A7D-B94C-7A9FCCECA496}.Debug|Any CPU.Build.0 = Debug|Any CPU
		{7ACB3A74-59B3-4A7D-B94C-7A9FCCECA496}.Release|Any CPU.ActiveCfg = Release|Any CPU
		{7ACB3A74-59B3-4A7D-B94C-7A9FCCECA496}.Release|Any CPU.Build.0 = Release|Any CPU
	EndGlobalSection
	GlobalSection(SolutionProperties) = preSolution
		HideSolutionNode = FALSE
	EndGlobalSection
	GlobalSection(ExtensibilityGlobals) = postSolution
		SolutionGuid = {AA82F49F-C6B5-40F6-85B3-29901095E040}
	EndGlobalSection
EndGlobal
